<?xml version="1.0" encoding="utf-8"?>
<Project ToolsVersion="4.0" xmlns="http://schemas.microsoft.com/developer/msbuild/2003">
  <ItemGroup>
    <Filter Include="资源文件">
      <UniqueIdentifier>{67DA6AB6-F800-4c08-8B7A-83BB121AAD01}</UniqueIdentifier>
      <Extensions>rc;ico;cur;bmp;dlg;rc2;rct;bin;rgs;gif;jpg;jpeg;jpe;resx;tiff;tif;png;wav;mfcribbon-ms</Extensions>
    </Filter>
    <Filter Include="src">
      <UniqueIdentifier>{4FC737F1-C7A5-4376-A066-2A32D752A2FF}</UniqueIdentifier>
      <Extensions>cpp;c;cc;cxx;def;odl;idl;hpj;bat;asm;asmx</Extensions>
    </Filter>
    <Filter Include="header">
      <UniqueIdentifier>{85475280-23d7-4b0d-bc47-c39e43d0c51d}</UniqueIdentifier>
    </Filter>
  </ItemGroup>
  <ItemGroup>
    <ClInclude Include="..\src\asm_x86-64.h">
      <Filter>src</Filter>
    </ClInclude>
    <ClInclude Include="..\src\asm.h">
      <Filter>header</Filter>
    </ClInclude>
    <ClInclude Include="..\src\cpu.h">
      <Filter>header</Filter>
    </ClInclude>
    <ClInclude Include="..\src\dma.h">
      <Filter>header</Filter>
    </ClInclude>
    <ClInclude Include="..\src\gpu.h">
      <Filter>header</Filter>
    </ClInclude>
    <ClInclude Include="..\src\inter.h">
      <Filter>header</Filter>
    </ClInclude>
    <ClInclude Include="..\src\mem.h">
      <Filter>header</Filter>
    </ClInclude>
    <ClInclude Include="..\src\mips.h">
      <Filter>header</Filter>
    </ClInclude>
    <ClInclude Include="..\src\system.h">
      <Filter>header</Filter>
    </ClInclude>
    <ClInclude Include="..\src\util.h">
      <Filter>header</Filter>
    </ClInclude>
    <ClInclude Include="..\src\bus.h">
      <Filter>header</Filter>
    </ClInclude>
    <ClInclude Include="..\src\io.h">
      <Filter>header</Filter>
    </ClInclude>
    <ClInclude Include="..\src\gpu_shader.h">
      <Filter>header</Filter>
    </ClInclude>
    <ClInclude Include="..\src\opengl-wrap.h">
      <Filter>header</Filter>
    </ClInclude>
    <ClInclude Include="..\src\serial_port.h">
      <Filter>header</Filter>
    </ClInclude>
  </ItemGroup>
  <ItemGroup>
    <ClCompile Include="..\src\asm_x86-64.cpp">
      <Filter>src</Filter>
    </ClCompile>
    <ClCompile Include="..\src\cpu.cpp">
      <Filter>src</Filter>
    </ClCompile>
    <ClCompile Include="..\src\mem.cpp">
      <Filter>src</Filter>
    </ClCompile>
    <ClCompile Include="..\src\mips.cpp">
      <Filter>src</Filter>
    </ClCompile>
    <ClCompile Include="..\src\system.cpp">
      <Filter>src</Filter>
    </ClCompile>
    <ClCompile Include="..\src\util.cpp">
      <Filter>src</Filter>
    </ClCompile>
    <ClCompile Include="..\src\gpu.cpp">
      <Filter>src</Filter>
    </ClCompile>
    <ClCompile Include="..\src\dma.cpp">
      <Filter>src</Filter>
    </ClCompile>
    <ClCompile Include="..\src\bus.cpp">
      <Filter>src</Filter>
    </ClCompile>
    <ClCompile Include="..\src\gpu_shader.cpp">
      <Filter>src</Filter>
    </ClCompile>
    <ClCompile Include="..\src\opengl-wrap.cpp">
      <Filter>src</Filter>
    </ClCompile>
    <ClCompile Include="..\src\gpu_gp0.cpp">
      <Filter>src</Filter>
    </ClCompile>
    <ClCompile Include="..\src\gpu_gp1.cpp">
      <Filter>src</Filter>
    </ClCompile>
    <ClCompile Include="..\src\serial_port.cpp">
      <Filter>src</Filter>
    </ClCompile>
  </ItemGroup>
  <ItemGroup>
    <None Include="..\src\makefile">
      <Filter>src</Filter>
    </None>
    <None Include="..\README.md">
      <Filter>资源文件</Filter>
    </None>
  </ItemGroup>
  <ItemGroup>
    <Text Include="..\doc\gpu.txt">
      <Filter>资源文件</Filter>
    </Text>
    <Text Include="..\doc\gte.txt">
      <Filter>资源文件</Filter>
    </Text>
    <Text Include="..\doc\memory.txt">
      <Filter>资源文件</Filter>
    </Text>
    <Text Include="..\doc\spu.txt">
      <Filter>资源文件</Filter>
    </Text>
    <Text Include="..\doc\system.txt">
      <Filter>资源文件</Filter>
    </Text>
  </ItemGroup>
</Project>